
Microsoft Visual Studio Solution File, Format Version 12.00
Project("{FAE04EC0-301F-11D3-BF4B-00C04F79EFBC}") = "AsciiConverter", "AsciiConverter\AsciiConverter.csproj", "{E0D48464-C1E6-4DC6-ADFA-95E7E6923F21}"
EndProject
Global
	GlobalSection(SolutionConfigurationPlatforms) = preSolution
		Debug|Any CPU = Debug|Any CPU
		Release|Any CPU = Release|Any CPU
	EndGlobalSection
	GlobalSection(ProjectConfigurationPlatforms) = postSolution
		{E0D48464-C1E6-4DC6-ADFA-95E7E6923F21}.Debug|Any CPU.ActiveCfg = Debug|Any CPU
		{E0D48464-C1E6-4DC6-ADFA-95E7E6923F21}.Debug|Any CPU.Build.0 = Debug|Any CPU
		{E0D48464-C1E6-4DC6-ADFA-95E7E6923F21}.Release|Any CPU.ActiveCfg = Release|Any CPU
		{E0D48464-C1E6-4DC6-ADFA-95E7E6923F21}.Release|Any CPU.Build.0 = Release|Any CPU
	EndGlobalSection
EndGlobal
